// !$*UTF8*$!
{
	archiveVersion = 1;
	classes = {
	};
	objectVersion = 56;
	objects = {

/* Begin PBXBuildFile section */
		294165352909686E001CE0D6 /* Leaderboard singelton .swift in Sources */ = {isa = PBXBuildFile; fileRef = 294165342909686E001CE0D6 /* Leaderboard singelton .swift */; };
		295DC1C62902C55F000A6D37 /* LeaderboardViewController.swift in Sources */ = {isa = PBXBuildFile; fileRef = 295DC1C52902C55F000A6D37 /* LeaderboardViewController.swift */; };
		295DC1CA2902C5EE000A6D37 /* LeaderboardTableViewCell.swift in Sources */ = {isa = PBXBuildFile; fileRef = 295DC1C82902C5EE000A6D37 /* LeaderboardTableViewCell.swift */; };
		295DC1CB2902C5EE000A6D37 /* LeaderboardTableViewCell.xib in Resources */ = {isa = PBXBuildFile; fileRef = 295DC1C92902C5EE000A6D37 /* LeaderboardTableViewCell.xib */; };
		295DC1CD2902CC17000A6D37 /* Leaderboard.swift in Sources */ = {isa = PBXBuildFile; fileRef = 295DC1CC2902CC17000A6D37 /* Leaderboard.swift */; };
		29A417FD28F9695C0006EDC2 /* AppDelegate.swift in Sources */ = {isa = PBXBuildFile; fileRef = 29A417FC28F9695C0006EDC2 /* AppDelegate.swift */; };
		29A417FF28F9695C0006EDC2 /* SceneDelegate.swift in Sources */ = {isa = PBXBuildFile; fileRef = 29A417FE28F9695C0006EDC2 /* SceneDelegate.swift */; };
		29A4180128F9695C0006EDC2 /* FirstScreenViewController.swift in Sources */ = {isa = PBXBuildFile; fileRef = 29A4180028F9695C0006EDC2 /* FirstScreenViewController.swift */; };
		29A4180428F9695C0006EDC2 /* Main.storyboard in Resources */ = {isa = PBXBuildFile; fileRef = 29A4180228F9695C0006EDC2 /* Main.storyboard */; };
		29A4180628F9695E0006EDC2 /* Assets.xcassets in Resources */ = {isa = PBXBuildFile; fileRef = 29A4180528F9695E0006EDC2 /* Assets.xcassets */; };
		29A4180928F9695E0006EDC2 /* LaunchScreen.storyboard in Resources */ = {isa = PBXBuildFile; fileRef = 29A4180728F9695E0006EDC2 /* LaunchScreen.storyboard */; };
		29A4181128F970C80006EDC2 /* GameViewController.swift in Sources */ = {isa = PBXBuildFile; fileRef = 29A4181028F970C80006EDC2 /* GameViewController.swift */; };
		29A4181528F9753B0006EDC2 /* Question.swift in Sources */ = {isa = PBXBuildFile; fileRef = 29A4181428F9753B0006EDC2 /* Question.swift */; };
/* End PBXBuildFile section */

/* Begin PBXFileReference section */
		294165342909686E001CE0D6 /* Leaderboard singelton .swift */ = {isa = PBXFileReference; lastKnownFileType = sourcecode.swift; path = "Leaderboard singelton .swift"; sourceTree = "<group>"; };
		295DC1C52902C55F000A6D37 /* LeaderboardViewController.swift */ = {isa = PBXFileReference; lastKnownFileType = sourcecode.swift; path = LeaderboardViewController.swift; sourceTree = "<group>"; };
		295DC1C82902C5EE000A6D37 /* LeaderboardTableViewCell.swift */ = {isa = PBXFileReference; lastKnownFileType = sourcecode.swift; path = LeaderboardTableViewCell.swift; sourceTree = "<group>"; };
		295DC1C92902C5EE000A6D37 /* LeaderboardTableViewCell.xib */ = {isa = PBXFileReference; lastKnownFileType = file.xib; path = LeaderboardTableViewCell.xib; sourceTree = "<group>"; };
		295DC1CC2902CC17000A6D37 /* Leaderboard.swift */ = {isa = PBXFileReference; lastKnownFileType = sourcecode.swift; path = Leaderboard.swift; sourceTree = "<group>"; };
		29A417F928F9695C0006EDC2 /* Guess Flag.app */ = {isa = PBXFileReference; explicitFileType = wrapper.application; includeInIndex = 0; path = "Guess Flag.app"; sourceTree = BUILT_PRODUCTS_DIR; };
		29A417FC28F9695C0006EDC2 /* AppDelegate.swift */ = {isa = PBXFileReference; lastKnownFileType = sourcecode.swift; path = AppDelegate.swift; sourceTree = "<group>"; };
		29A417FE28F9695C0006EDC2 /* SceneDelegate.swift */ = {isa = PBXFileReference; lastKnownFileType = sourcecode.swift; path = SceneDelegate.swift; sourceTree = "<group>"; };
		29A4180028F9695C0006EDC2 /* FirstScreenViewController.swift */ = {isa = PBXFileReference; lastKnownFileType = sourcecode.swift; path = FirstScreenViewController.swift; sourceTree = "<group>"; };
		29A4180328F9695C0006EDC2 /* Base */ = {isa = PBXFileReference; lastKnownFileType = file.storyboard; name = Base; path = Base.lproj/Main.storyboard; sourceTree = "<group>"; };
		29A4180528F9695E0006EDC2 /* Assets.xcassets */ = {isa = PBXFileReference; lastKnownFileType = folder.assetcatalog; path = Assets.xcassets; sourceTree = "<group>"; };
		29A4180828F9695E0006EDC2 /* Base */ = {isa = PBXFileReference; lastKnownFileType = file.storyboard; name = Base; path = Base.lproj/LaunchScreen.storyboard; sourceTree = "<group>"; };
		29A4180A28F9695E0006EDC2 /* Info.plist */ = {isa = PBXFileReference; lastKnownFileType = text.plist.xml; path = Info.plist; sourceTree = "<group>"; };
		29A4181028F970C80006EDC2 /* GameViewController.swift */ = {isa = PBXFileReference; lastKnownFileType = sourcecode.swift; path = GameViewController.swift; sourceTree = "<group>"; };
		29A4181428F9753B0006EDC2 /* Question.swift */ = {isa = PBXFileReference; lastKnownFileType = sourcecode.swift; path = Question.swift; sourceTree = "<group>"; };
/* End PBXFileReference section */

/* Begin PBXFrameworksBuildPhase section */
		29A417F628F9695C0006EDC2 /* Frameworks */ = {
			isa = PBXFrameworksBuildPhase;
			buildActionMask = 2147483647;
			files = (
			);
			runOnlyForDeploymentPostprocessing = 0;
		};
/* End PBXFrameworksBuildPhase section */

/* Begin PBXGroup section */
		295DC1C72902C5C9000A6D37 /* Cells */ = {
			isa = PBXGroup;
			children = (
				295DC1C82902C5EE000A6D37 /* LeaderboardTableViewCell.swift */,
				295DC1C92902C5EE000A6D37 /* LeaderboardTableViewCell.xib */,
			);
			path = Cells;
			sourceTree = "<group>";
		};
		29A417F028F9695C0006EDC2 = {
			isa = PBXGroup;
			children = (
				29A417FB28F9695C0006EDC2 /* Guess Flag */,
				29A417FA28F9695C0006EDC2 /* Products */,
			);
			sourceTree = "<group>";
		};
		29A417FA28F9695C0006EDC2 /* Products */ = {
			isa = PBXGroup;
			children = (
				29A417F928F9695C0006EDC2 /* Guess Flag.app */,
			);
			name = Products;
			sourceTree = "<group>";
		};
		29A417FB28F9695C0006EDC2 /* Guess Flag */ = {
			isa = PBXGroup;
			children = (
				29A4181728F976280006EDC2 /* Controllers */,
				29A4181328F9752C0006EDC2 /* Models */,
				29A417FC28F9695C0006EDC2 /* AppDelegate.swift */,
				29A417FE28F9695C0006EDC2 /* SceneDelegate.swift */,
				29A4180228F9695C0006EDC2 /* Main.storyboard */,
				29A4180528F9695E0006EDC2 /* Assets.xcassets */,
				29A4180728F9695E0006EDC2 /* LaunchScreen.storyboard */,
				29A4180A28F9695E0006EDC2 /* Info.plist */,
			);
			path = "Guess Flag";
			sourceTree = "<group>";
		};
		29A4181328F9752C0006EDC2 /* Models */ = {
			isa = PBXGroup;
			children = (
				29A4181428F9753B0006EDC2 /* Question.swift */,
				295DC1CC2902CC17000A6D37 /* Leaderboard.swift */,
				294165342909686E001CE0D6 /* Leaderboard singelton .swift */,
				295DC1C72902C5C9000A6D37 /* Cells */,
			);
			path = Models;
			sourceTree = "<group>";
		};
		29A4181728F976280006EDC2 /* Controllers */ = {
			isa = PBXGroup;
			children = (
				29A4180028F9695C0006EDC2 /* FirstScreenViewController.swift */,
				29A4181028F970C80006EDC2 /* GameViewController.swift */,
				295DC1C52902C55F000A6D37 /* LeaderboardViewController.swift */,
			);
			path = Controllers;
			sourceTree = "<group>";
		};
/* End PBXGroup section */

/* Begin PBXNativeTarget section */
		29A417F828F9695C0006EDC2 /* Guess Flag */ = {
			isa = PBXNativeTarget;
			buildConfigurationList = 29A4180D28F9695E0006EDC2 /* Build configuration list for PBXNativeTarget "Guess Flag" */;
			buildPhases = (
				29A417F528F9695C0006EDC2 /* Sources */,
				29A417F628F9695C0006EDC2 /* Frameworks */,
				29A417F728F9695C0006EDC2 /* Resources */,
			);
			buildRules = (
			);
			dependencies = (
			);
			name = "Guess Flag";
			productName = "Guess Flag";
			productReference = 29A417F928F9695C0006EDC2 /* Guess Flag.app */;
			productType = "com.apple.product-type.application";
		};
/* End PBXNativeTarget section */

/* Begin PBXProject section */
		29A417F128F9695C0006EDC2 /* Project object */ = {
			isa = PBXProject;
			attributes = {
				BuildIndependentTargetsInParallel = 1;
				LastSwiftUpdateCheck = 1400;
				LastUpgradeCheck = 1400;
				TargetAttributes = {
					29A417F828F9695C0006EDC2 = {
						CreatedOnToolsVersion = 14.0.1;
					};
				};
			};
			buildConfigurationList = 29A417F428F9695C0006EDC2 /* Build configuration list for PBXProject "Guess Flag" */;
			compatibilityVersion = "Xcode 14.0";
			developmentRegion = en;
			hasScannedForEncodings = 0;
			knownRegions = (
				en,
				Base,
			);
			mainGroup = 29A417F028F9695C0006EDC2;
			productRefGroup = 29A417FA28F9695C0006EDC2 /* Products */;
			projectDirPath = "";
			projectRoot = "";
			targets = (
				29A417F828F9695C0006EDC2 /* Guess Flag */,
			);
		};
/* End PBXProject section */

/* Begin PBXResourcesBuildPhase section */
		29A417F728F9695C0006EDC2 /* Resources */ = {
			isa = PBXResourcesBuildPhase;
			buildActionMask = 2147483647;
			files = (
				29A4180928F9695E0006EDC2 /* LaunchScreen.storyboard in Resources */,
				295DC1CB2902C5EE000A6D37 /* LeaderboardTableViewCell.xib in Resources */,
				29A4180628F9695E0006EDC2 /* Assets.xcassets in Resources */,
				29A4180428F9695C0006EDC2 /* Main.storyboard in Resources */,
			);
			runOnlyForDeploymentPostprocessing = 0;
		};
/* End PBXResourcesBuildPhase section */

/* Begin PBXSourcesBuildPhase section */
		29A417F528F9695C0006EDC2 /* Sources */ = {
			isa = PBXSourcesBuildPhase;
			buildActionMask = 2147483647;
			files = (
				29A4181528F9753B0006EDC2 /* Question.swift in Sources */,
				295DC1CD2902CC17000A6D37 /* Leaderboard.swift in Sources */,
				29A4181128F970C80006EDC2 /* GameViewController.swift in Sources */,
				29A4180128F9695C0006EDC2 /* FirstScreenViewController.swift in Sources */,
				29A417FD28F9695C0006EDC2 /* AppDelegate.swift in Sources */,
				295DC1C62902C55F000A6D37 /* LeaderboardViewController.swift in Sources */,
				29A417FF28F9695C0006EDC2 /* SceneDelegate.swift in Sources */,
				294165352909686E001CE0D6 /* Leaderboard singelton .swift in Sources */,
				295DC1CA2902C5EE000A6D37 /* LeaderboardTableViewCell.swift in Sources */,
			);
			runOnlyForDeploymentPostprocessing = 0;
		};
/* End PBXSourcesBuildPhase section */

/* Begin PBXVariantGroup section */
		29A4180228F9695C0006EDC2 /* Main.storyboard */ = {
			isa = PBXVariantGroup;
			children = (
				29A4180328F9695C0006EDC2 /* Base */,
			);
			name = Main.storyboard;
			sourceTree = "<group>";
		};
		29A4180728F9695E0006EDC2 /* LaunchScreen.storyboard */ = {
			isa = PBXVariantGroup;
			children = (
				29A4180828F9695E0006EDC2 /* Base */,
			);
			name = LaunchScreen.storyboard;
			sourceTree = "<group>";
		};
/* End PBXVariantGroup section */

/* Begin XCBuildConfiguration section */
		29A4180B28F9695E0006EDC2 /* Debug */ = {
			isa = XCBuildConfiguration;
			buildSettings = {
				ALWAYS_SEARCH_USER_PATHS = NO;
				CLANG_ANALYZER_NONNULL = YES;
				CLANG_ANALYZER_NUMBER_OBJECT_CONVERSION = YES_AGGRESSIVE;
				CLANG_CXX_LANGUAGE_STANDARD = "gnu++20";
				CLANG_ENABLE_MODULES = YES;
				CLANG_ENABLE_OBJC_ARC = YES;
				CLANG_ENABLE_OBJC_WEAK = YES;
				CLANG_WARN_BLOCK_CAPTURE_AUTORELEASING = YES;
				CLANG_WARN_BOOL_CONVERSION = YES;
				CLANG_WARN_COMMA = YES;
				CLANG_WARN_CONSTANT_CONVERSION = YES;
				CLANG_WARN_DEPRECATED_OBJC_IMPLEMENTATIONS = YES;
				CLANG_WARN_DIRECT_OBJC_ISA_USAGE = YES_ERROR;
				CLANG_WARN_DOCUMENTATION_COMMENTS = YES;
				CLANG_WARN_EMPTY_BODY = YES;
				CLANG_WARN_ENUM_CONVERSION = YES;
				CLANG_WARN_INFINITE_RECURSION = YES;
				CLANG_WARN_INT_CONVERSION = YES;
				CLANG_WARN_NON_LITERAL_NULL_CONVERSION = YES;
				CLANG_WARN_OBJC_IMPLICIT_RETAIN_SELF = YES;
				CLANG_WARN_OBJC_LITERAL_CONVERSION = YES;
				CLANG_WARN_OBJC_ROOT_CLASS = YES_ERROR;
				CLANG_WARN_QUOTED_INCLUDE_IN_FRAMEWORK_HEADER = YES;
				CLANG_WARN_RANGE_LOOP_ANALYSIS = YES;
				CLANG_WARN_STRICT_PROTOTYPES = YES;
				CLANG_WARN_SUSPICIOUS_MOVE = YES;
				CLANG_WARN_UNGUARDED_AVAILABILITY = YES_AGGRESSIVE;
				CLANG_WARN_UNREACHABLE_CODE = YES;
				CLANG_WARN__DUPLICATE_METHOD_MATCH = YES;
				COPY_PHASE_STRIP = NO;
				DEBUG_INFORMATION_FORMAT = dwarf;
				ENABLE_STRICT_OBJC_MSGSEND = YES;
				ENABLE_TESTABILITY = YES;
				GCC_C_LANGUAGE_STANDARD = gnu11;
				GCC_DYNAMIC_NO_PIC = NO;
				GCC_NO_COMMON_BLOCKS = YES;
				GCC_OPTIMIZATION_LEVEL = 0;
				GCC_PREPROCESSOR_DEFINITIONS = (
					"DEBUG=1",
					"$(inherited)",
				);
				GCC_WARN_64_TO_32_BIT_CONVERSION = YES;
				GCC_WARN_ABOUT_RETURN_TYPE = YES_ERROR;
				GCC_WARN_UNDECLARED_SELECTOR = YES;
				GCC_WARN_UNINITIALIZED_AUTOS = YES_AGGRESSIVE;
				GCC_WARN_UNUSED_FUNCTION = YES;
				GCC_WARN_UNUSED_VARIABLE = YES;
				IPHONEOS_DEPLOYMENT_TARGET = 16.0;
				MTL_ENABLE_DEBUG_INFO = INCLUDE_SOURCE;
				MTL_FAST_MATH = YES;
				ONLY_ACTIVE_ARCH = YES;
				SDKROOT = iphoneos;
				SWIFT_ACTIVE_COMPILATION_CONDITIONS = DEBUG;
				SWIFT_OPTIMIZATION_LEVEL = "-Onone";
			};
			name = Debug;
		};
		29A4180C28F9695E0006EDC2 /* Release */ = {
			isa = XCBuildConfiguration;
			buildSettings = {
				ALWAYS_SEARCH_USER_PATHS = NO;
				CLANG_ANALYZER_NONNULL = YES;
				CLANG_ANALYZER_NUMBER_OBJECT_CONVERSION = YES_AGGRESSIVE;
				CLANG_CXX_LANGUAGE_STANDARD = "gnu++20";
				CLANG_ENABLE_MODULES = YES;
				CLANG_ENABLE_OBJC_ARC = YES;
				CLANG_ENABLE_OBJC_WEAK = YES;
				CLANG_WARN_BLOCK_CAPTURE_AUTORELEASING = YES;
				CLANG_WARN_BOOL_CONVERSION = YES;
				CLANG_WARN_COMMA = YES;
				CLANG_WARN_CONSTANT_CONVERSION = YES;
				CLANG_WARN_DEPRECATED_OBJC_IMPLEMENTATIONS = YES;
				CLANG_WARN_DIRECT_OBJC_ISA_USAGE = YES_ERROR;
				CLANG_WARN_DOCUMENTATION_COMMENTS = YES;
				CLANG_WARN_EMPTY_BODY = YES;
				CLANG_WARN_ENUM_CONVERSION = YES;
				CLANG_WARN_INFINITE_RECURSION = YES;
				CLANG_WARN_INT_CONVERSION = YES;
				CLANG_WARN_NON_LITERAL_NULL_CONVERSION = YES;
				CLANG_WARN_OBJC_IMPLICIT_RETAIN_SELF = YES;
				CLANG_WARN_OBJC_LITERAL_CONVERSION = YES;
				CLANG_WARN_OBJC_ROOT_CLASS = YES_ERROR;
				CLANG_WARN_QUOTED_INCLUDE_IN_FRAMEWORK_HEADER = YES;
				CLANG_WARN_RANGE_LOOP_ANALYSIS = YES;
				CLANG_WARN_STRICT_PROTOTYPES = YES;
				CLANG_WARN_SUSPICIOUS_MOVE = YES;
				CLANG_WARN_UNGUARDED_AVAILABILITY = YES_AGGRESSIVE;
				CLANG_WARN_UNREACHABLE_CODE = YES;
				CLANG_WARN__DUPLICATE_METHOD_MATCH = YES;
				COPY_PHASE_STRIP = NO;
				DEBUG_INFORMATION_FORMAT = "dwarf-with-dsym";
				ENABLE_NS_ASSERTIONS = NO;
				ENABLE_STRICT_OBJC_MSGSEND = YES;
				GCC_C_LANGUAGE_STANDARD = gnu11;
				GCC_NO_COMMON_BLOCKS = YES;
				GCC_WARN_64_TO_32_BIT_CONVERSION = YES;
				GCC_WARN_ABOUT_RETURN_TYPE = YES_ERROR;
				GCC_WARN_UNDECLARED_SELECTOR = YES;
				GCC_WARN_UNINITIALIZED_AUTOS = YES_AGGRESSIVE;
				GCC_WARN_UNUSED_FUNCTION = YES;
				GCC_WARN_UNUSED_VARIABLE = YES;
				IPHONEOS_DEPLOYMENT_TARGET = 16.0;
				MTL_ENABLE_DEBUG_INFO = NO;
				MTL_FAST_MATH = YES;
				SDKROOT = iphoneos;
				SWIFT_COMPILATION_MODE = wholemodule;
				SWIFT_OPTIMIZATION_LEVEL = "-O";
				VALIDATE_PRODUCT = YES;
			};
			name = Release;
		};
		29A4180E28F9695E0006EDC2 /* Debug */ = {
			isa = XCBuildConfiguration;
			buildSettings = {
				ASSETCATALOG_COMPILER_APPICON_NAME = AppIcon;
				ASSETCATALOG_COMPILER_GLOBAL_ACCENT_COLOR_NAME = AccentColor;
				CODE_SIGN_STYLE = Automatic;
				CURRENT_PROJECT_VERSION = 1;
				GENERATE_INFOPLIST_FILE = YES;
				INFOPLIST_FILE = "Guess Flag/Info.plist";
				INFOPLIST_KEY_UIApplicationSupportsIndirectInputEvents = YES;
				INFOPLIST_KEY_UILaunchStoryboardName = LaunchScreen;
				INFOPLIST_KEY_UIMainStoryboardFile = Main;
				INFOPLIST_KEY_UISupportedInterfaceOrientations_iPad = "UIInterfaceOrientationPortrait UIInterfaceOrientationPortraitUpsideDown UIInterfaceOrientationLandscapeLeft UIInterfaceOrientationLandscapeRight";
				INFOPLIST_KEY_UISupportedInterfaceOrientations_iPhone = "UIInterfaceOrientationPortrait UIInterfaceOrientationLandscapeLeft UIInterfaceOrientationLandscapeRight";
				LD_RUNPATH_SEARCH_PATHS = (
					"$(inherited)",
					"@executable_path/Frameworks",
				);
				MARKETING_VERSION = 1.0;
				PRODUCT_BUNDLE_IDENTIFIER = "com.Guess-Flag";
				PRODUCT_NAME = "$(TARGET_NAME)";
				SWIFT_EMIT_LOC_STRINGS = YES;
				SWIFT_VERSION = 5.0;
				TARGETED_DEVICE_FAMILY = "1,2";
			};
			name = Debug;
		};
		29A4180F28F9695E0006EDC2 /* Release */ = {
			isa = XCBuildConfiguration;
			buildSettings = {
				ASSETCATALOG_COMPILER_APPICON_NAME = AppIcon;
				ASSETCATALOG_COMPILER_GLOBAL_ACCENT_COLOR_NAME = AccentColor;
				CODE_SIGN_STYLE = Automatic;
				CURRENT_PROJECT_VERSION = 1;
				GENERATE_INFOPLIST_FILE = YES;
				INFOPLIST_FILE = "Guess Flag/Info.plist";
				INFOPLIST_KEY_UIApplicationSupportsIndirectInputEvents = YES;
				INFOPLIST_KEY_UILaunchStoryboardName = LaunchScreen;
				INFOPLIST_KEY_UIMainStoryboardFile = Main;
				INFOPLIST_KEY_UISupportedInterfaceOrientations_iPad = "UIInterfaceOrientationPortrait UIInterfaceOrientationPortraitUpsideDown UIInterfaceOrientationLandscapeLeft UIInterfaceOrientationLandscapeRight";
				INFOPLIST_KEY_UISupportedInterfaceOrientations_iPhone = "UIInterfaceOrientationPortrait UIInterfaceOrientationLandscapeLeft UIInterfaceOrientationLandscapeRight";
				LD_RUNPATH_SEARCH_PATHS = (
					"$(inherited)",
					"@executable_path/Frameworks",
				);
				MARKETING_VERSION = 1.0;
				PRODUCT_BUNDLE_IDENTIFIER = "com.Guess-Flag";
				PRODUCT_NAME = "$(TARGET_NAME)";
				SWIFT_EMIT_LOC_STRINGS = YES;
				SWIFT_VERSION = 5.0;
				TARGETED_DEVICE_FAMILY = "1,2";
			};
			name = Release;
		};
/* End XCBuildConfiguration section */

/* Begin XCConfigurationList section */
		29A417F428F9695C0006EDC2 /* Build configuration list for PBXProject "Guess Flag" */ = {
			isa = XCConfigurationList;
			buildConfigurations = (
				29A4180B28F9695E0006EDC2 /* Debug */,
				29A4180C28F9695E0006EDC2 /* Release */,
			);
			defaultConfigurationIsVisible = 0;
			defaultConfigurationName = Release;
		};
		29A4180D28F9695E0006EDC2 /* Build configuration list for PBXNativeTarget "Guess Flag" */ = {
			isa = XCConfigurationList;
			buildConfigurations = (
				29A4180E28F9695E0006EDC2 /* Debug */,
				29A4180F28F9695E0006EDC2 /* Release */,
			);
			defaultConfigurationIsVisible = 0;
			defaultConfigurationName = Release;
		};
/* End XCConfigurationList section */
	};
	rootObject = 29A417F128F9695C0006EDC2 /* Project object */;
}
